
Microsoft Visual Studio Solution File, Format Version 12.00
# Visual Studio Version 16
VisualStudioVersion = 16.0.31729.503
MinimumVisualStudioVersion = 10.0.40219.1
Project("{9A19103F-16F7-4668-BE54-9A1E7A4F7556}") = "Ez.Graphics", "src\Ez.Graphics\Ez.Graphics.csproj", "{7A26EC2C-BA48-4E4D-83A5-97564C17E085}"
EndProject
Project("{9A19103F-16F7-4668-BE54-9A1E7A4F7556}") = "Ez.Graphics.API", "src\Ez.Graphics.API\Ez.Graphics.API.csproj", "{FA07A3B5-A0E0-4EAD-93D9-529BBF30DD45}"
EndProject
Project("{9A19103F-16F7-4668-BE54-9A1E7A4F7556}") = "Ez.Graphics.API.Vulkan", "src\Ez.Graphics.API.Vulkan\Ez.Graphics.API.Vulkan.csproj", "{9CDCEE84-1815-4255-9BFA-DBD4419003E3}"
EndProject
Project("{9A19103F-16F7-4668-BE54-9A1E7A4F7556}") = "Ez.Graphics.Contexts", "src\Ez.Graphics.Contexts\Ez.Graphics.Contexts.csproj", "{ED3956E3-8B5A-4EA4-A55E-FE51DB660095}"
EndProject
Project("{2150E333-8FDC-42A3-9474-1A3956D46DE8}") = "Solution Items", "Solution Items", "{0F21BF85-5009-4AE5-BE24-D998E274A237}"
	ProjectSection(SolutionItems) = preProject
		src\build\common.props.csproj = src\build\common.props.csproj
		src\build\ez-gear2x.png = src\build\ez-gear2x.png
	EndProjectSection
EndProject
Project("{9A19103F-16F7-4668-BE54-9A1E7A4F7556}") = "VulkanExample", "src\VulkanExample\VulkanExample.csproj", "{0D366404-CF16-4B11-AF9D-E76F3FFB35E1}"
EndProject
Global
	GlobalSection(SolutionConfigurationPlatforms) = preSolution
		Debug|Any CPU = Debug|Any CPU
		Debug|x86 = Debug|x86
		Release|Any CPU = Release|Any CPU
		Release|x86 = Release|x86
	EndGlobalSection
	GlobalSection(ProjectConfigurationPlatforms) = postSolution
		{7A26EC2C-BA48-4E4D-83A5-97564C17E085}.Debug|Any CPU.ActiveCfg = Debug|Any CPU
		{7A26EC2C-BA48-4E4D-83A5-97564C17E085}.Debug|Any CPU.Build.0 = Debug|Any CPU
		{7A26EC2C-BA48-4E4D-83A5-97564C17E085}.Debug|x86.ActiveCfg = Debug|Any CPU
		{7A26EC2C-BA48-4E4D-83A5-97564C17E085}.Debug|x86.Build.0 = Debug|Any CPU
		{7A26EC2C-BA48-4E4D-83A5-97564C17E085}.Release|Any CPU.ActiveCfg = Release|Any CPU
		{7A26EC2C-BA48-4E4D-83A5-97564C17E085}.Release|Any CPU.Build.0 = Release|Any CPU
		{7A26EC2C-BA48-4E4D-83A5-97564C17E085}.Release|x86.ActiveCfg = Release|Any CPU
		{7A26EC2C-BA48-4E4D-83A5-97564C17E085}.Release|x86.Build.0 = Release|Any CPU
		{FA07A3B5-A0E0-4EAD-93D9-529BBF30DD45}.Debug|Any CPU.ActiveCfg = Debug|Any CPU
		{FA07A3B5-A0E0-4EAD-93D9-529BBF30DD45}.Debug|Any CPU.Build.0 = Debug|Any CPU
		{FA07A3B5-A0E0-4EAD-93D9-529BBF30DD45}.Debug|x86.ActiveCfg = Debug|Any CPU
		{FA07A3B5-A0E0-4EAD-93D9-529BBF30DD45}.Debug|x86.Build.0 = Debug|Any CPU
		{FA07A3B5-A0E0-4EAD-93D9-529BBF30DD45}.Release|Any CPU.ActiveCfg = Release|Any CPU
		{FA07A3B5-A0E0-4EAD-93D9-529BBF30DD45}.Release|Any CPU.Build.0 = Release|Any CPU
		{FA07A3B5-A0E0-4EAD-93D9-529BBF30DD45}.Release|x86.ActiveCfg = Release|Any CPU
		{FA07A3B5-A0E0-4EAD-93D9-529BBF30DD45}.Release|x86.Build.0 = Release|Any CPU
		{9CDCEE84-1815-4255-9BFA-DBD4419003E3}.Debug|Any CPU.ActiveCfg = Debug|Any CPU
		{9CDCEE84-1815-4255-9BFA-DBD4419003E3}.Debug|Any CPU.Build.0 = Debug|Any CPU
		{9CDCEE84-1815-4255-9BFA-DBD4419003E3}.Debug|x86.ActiveCfg = Debug|Any CPU
		{9CDCEE84-1815-4255-9BFA-DBD4419003E3}.Debug|x86.Build.0 = Debug|Any CPU
		{9CDCEE84-1815-4255-9BFA-DBD4419003E3}.Release|Any CPU.ActiveCfg = Release|Any CPU
		{9CDCEE84-1815-4255-9BFA-DBD4419003E3}.Release|Any CPU.Build.0 = Release|Any CPU
		{9CDCEE84-1815-4255-9BFA-DBD4419003E3}.Release|x86.ActiveCfg = Release|Any CPU
		{9CDCEE84-1815-4255-9BFA-DBD4419003E3}.Release|x86.Build.0 = Release|Any CPU
		{ED3956E3-8B5A-4EA4-A55E-FE51DB660095}.Debug|Any CPU.ActiveCfg = Debug|Any CPU
		{ED3956E3-8B5A-4EA4-A55E-FE51DB660095}.Debug|Any CPU.Build.0 = Debug|Any CPU
		{ED3956E3-8B5A-4EA4-A55E-FE51DB660095}.Debug|x86.ActiveCfg = Debug|Any CPU
		{ED3956E3-8B5A-4EA4-A55E-FE51DB660095}.Debug|x86.Build.0 = Debug|Any CPU
		{ED3956E3-8B5A-4EA4-A55E-FE51DB660095}.Release|Any CPU.ActiveCfg = Release|Any CPU
		{ED3956E3-8B5A-4EA4-A55E-FE51DB660095}.Release|Any CPU.Build.0 = Release|Any CPU
		{ED3956E3-8B5A-4EA4-A55E-FE51DB660095}.Release|x86.ActiveCfg = Release|Any CPU
		{ED3956E3-8B5A-4EA4-A55E-FE51DB660095}.Release|x86.Build.0 = Release|Any CPU
		{0D366404-CF16-4B11-AF9D-E76F3FFB35E1}.Debug|Any CPU.ActiveCfg = Debug|Any CPU
		{0D366404-CF16-4B11-AF9D-E76F3FFB35E1}.Debug|Any CPU.Build.0 = Debug|Any CPU
		{0D366404-CF16-4B11-AF9D-E76F3FFB35E1}.Debug|x86.ActiveCfg = Debug|Any CPU
		{0D366404-CF16-4B11-AF9D-E76F3FFB35E1}.Debug|x86.Build.0 = Debug|Any CPU
		{0D366404-CF16-4B11-AF9D-E76F3FFB35E1}.Release|Any CPU.ActiveCfg = Release|Any CPU
		{0D366404-CF16-4B11-AF9D-E76F3FFB35E1}.Release|Any CPU.Build.0 = Release|Any CPU
		{0D366404-CF16-4B11-AF9D-E76F3FFB35E1}.Release|x86.ActiveCfg = Release|Any CPU
		{0D366404-CF16-4B11-AF9D-E76F3FFB35E1}.Release|x86.Build.0 = Release|Any CPU
	EndGlobalSection
	GlobalSection(SolutionProperties) = preSolution
		HideSolutionNode = FALSE
	EndGlobalSection
	GlobalSection(ExtensibilityGlobals) = postSolution
		SolutionGuid = {322FA609-27D8-4202-8EDE-BA00E948654B}
	EndGlobalSection
EndGlobal
